// !$*UTF8*$!
{
	archiveVersion = 1;
	classes = {
	};
	objectVersion = 48;
	objects = {

/* Begin PBXBuildFile section */
		1A8FBE101FF845EE00389464 /* Reusable.framework in Frameworks */ = {isa = PBXBuildFile; fileRef = 1A8FBE0D1FF845EE00389464 /* Reusable.framework */; };
		1A8FBE111FF845EE00389464 /* RxSwift.framework in Frameworks */ = {isa = PBXBuildFile; fileRef = 1A8FBE0E1FF845EE00389464 /* RxSwift.framework */; };
		1A8FBE121FF845EE00389464 /* RxCocoa.framework in Frameworks */ = {isa = PBXBuildFile; fileRef = 1A8FBE0F1FF845EE00389464 /* RxCocoa.framework */; };
		1AF854B31FF832AE00271B52 /* AppDelegate.swift in Sources */ = {isa = PBXBuildFile; fileRef = 1AF854B21FF832AE00271B52 /* AppDelegate.swift */; };
		1AF854BA1FF832AE00271B52 /* Assets.xcassets in Resources */ = {isa = PBXBuildFile; fileRef = 1AF854B91FF832AE00271B52 /* Assets.xcassets */; };
		1AF854BD1FF832AE00271B52 /* LaunchScreen.storyboard in Resources */ = {isa = PBXBuildFile; fileRef = 1AF854BB1FF832AE00271B52 /* LaunchScreen.storyboard */; };
		1E4A7FCA2D802A6AAF08351E /* Pods_RxFlowDemo.framework in Frameworks */ = {isa = PBXBuildFile; fileRef = BC00E4BEF623B29CEFEADCBF /* Pods_RxFlowDemo.framework */; };
		74C6AD35227BC52B00B16A95 /* RxRelay.framework in Frameworks */ = {isa = PBXBuildFile; fileRef = 74C6AD34227BC52B00B16A95 /* RxRelay.framework */; };
		9050C253259F7EF90012FC7A /* SettingsApiKeyViewModel.swift in Sources */ = {isa = PBXBuildFile; fileRef = 9050C21D259F7EF90012FC7A /* SettingsApiKeyViewModel.swift */; };
		9050C254259F7EF90012FC7A /* SettingsListViewController.storyboard in Resources */ = {isa = PBXBuildFile; fileRef = 9050C21E259F7EF90012FC7A /* SettingsListViewController.storyboard */; };
		9050C255259F7EF90012FC7A /* SettingsLoginViewController.swift in Sources */ = {isa = PBXBuildFile; fileRef = 9050C21F259F7EF90012FC7A /* SettingsLoginViewController.swift */; };
		9050C256259F7EF90012FC7A /* SettingsAboutViewController.swift in Sources */ = {isa = PBXBuildFile; fileRef = 9050C220259F7EF90012FC7A /* SettingsAboutViewController.swift */; };
		9050C257259F7EF90012FC7A /* SettingsAboutViewController.storyboard in Resources */ = {isa = PBXBuildFile; fileRef = 9050C221259F7EF90012FC7A /* SettingsAboutViewController.storyboard */; };
		9050C258259F7EF90012FC7A /* SettingsLoginViewController.storyboard in Resources */ = {isa = PBXBuildFile; fileRef = 9050C222259F7EF90012FC7A /* SettingsLoginViewController.storyboard */; };
		9050C259259F7EF90012FC7A /* SettingsApiKeyViewController.storyboard in Resources */ = {isa = PBXBuildFile; fileRef = 9050C223259F7EF90012FC7A /* SettingsApiKeyViewController.storyboard */; };
		9050C25A259F7EF90012FC7A /* SettingsApiKeyViewController.swift in Sources */ = {isa = PBXBuildFile; fileRef = 9050C224259F7EF90012FC7A /* SettingsApiKeyViewController.swift */; };
		9050C25B259F7EF90012FC7A /* SettingsListViewController.swift in Sources */ = {isa = PBXBuildFile; fileRef = 9050C225259F7EF90012FC7A /* SettingsListViewController.swift */; };
		9050C25C259F7EF90012FC7A /* MovieCollectionViewCell.swift in Sources */ = {isa = PBXBuildFile; fileRef = 9050C229259F7EF90012FC7A /* MovieCollectionViewCell.swift */; };
		9050C25D259F7EF90012FC7A /* WatchedViewController.storyboard in Resources */ = {isa = PBXBuildFile; fileRef = 9050C22A259F7EF90012FC7A /* WatchedViewController.storyboard */; };
		9050C25E259F7EF90012FC7A /* WatchedViewModel.swift in Sources */ = {isa = PBXBuildFile; fileRef = 9050C22B259F7EF90012FC7A /* WatchedViewModel.swift */; };
		9050C25F259F7EF90012FC7A /* WatchedViewController.swift in Sources */ = {isa = PBXBuildFile; fileRef = 9050C22C259F7EF90012FC7A /* WatchedViewController.swift */; };
		9050C260259F7EF90012FC7A /* CastCollectionViewCell.swift in Sources */ = {isa = PBXBuildFile; fileRef = 9050C22F259F7EF90012FC7A /* CastCollectionViewCell.swift */; };
		9050C261259F7EF90012FC7A /* TrendingViewController.swift in Sources */ = {isa = PBXBuildFile; fileRef = 9050C230259F7EF90012FC7A /* TrendingViewController.swift */; };
		9050C262259F7EF90012FC7A /* CastListViewModel.swift in Sources */ = {isa = PBXBuildFile; fileRef = 9050C231259F7EF90012FC7A /* CastListViewModel.swift */; };
		9050C263259F7EF90012FC7A /* CastListViewController.swift in Sources */ = {isa = PBXBuildFile; fileRef = 9050C232259F7EF90012FC7A /* CastListViewController.swift */; };
		9050C264259F7EF90012FC7A /* TrendingViewController.storyboard in Resources */ = {isa = PBXBuildFile; fileRef = 9050C233259F7EF90012FC7A /* TrendingViewController.storyboard */; };
		9050C265259F7EF90012FC7A /* CastListViewController.storyboard in Resources */ = {isa = PBXBuildFile; fileRef = 9050C234259F7EF90012FC7A /* CastListViewController.storyboard */; };
		9050C266259F7EF90012FC7A /* TrendingViewModel.swift in Sources */ = {isa = PBXBuildFile; fileRef = 9050C235259F7EF90012FC7A /* TrendingViewModel.swift */; };
		9050C267259F7EF90012FC7A /* MovieViewCell.swift in Sources */ = {isa = PBXBuildFile; fileRef = 9050C238259F7EF90012FC7A /* MovieViewCell.swift */; };
		9050C268259F7EF90012FC7A /* MovieDetailViewController.storyboard in Resources */ = {isa = PBXBuildFile; fileRef = 9050C239259F7EF90012FC7A /* MovieDetailViewController.storyboard */; };
		9050C269259F7EF90012FC7A /* WishlistViewController.swift in Sources */ = {isa = PBXBuildFile; fileRef = 9050C23A259F7EF90012FC7A /* WishlistViewController.swift */; };
		9050C26A259F7EF90012FC7A /* MovieDetailViewModel.swift in Sources */ = {isa = PBXBuildFile; fileRef = 9050C23B259F7EF90012FC7A /* MovieDetailViewModel.swift */; };
		9050C26B259F7EF90012FC7A /* WishlistViewModel.swift in Sources */ = {isa = PBXBuildFile; fileRef = 9050C23C259F7EF90012FC7A /* WishlistViewModel.swift */; };
		9050C26C259F7EF90012FC7A /* CastDetailViewController.storyboard in Resources */ = {isa = PBXBuildFile; fileRef = 9050C23D259F7EF90012FC7A /* CastDetailViewController.storyboard */; };
		9050C26D259F7EF90012FC7A /* WishlistViewController.storyboard in Resources */ = {isa = PBXBuildFile; fileRef = 9050C23E259F7EF90012FC7A /* WishlistViewController.storyboard */; };
		9050C26E259F7EF90012FC7A /* CastDetailViewController.swift in Sources */ = {isa = PBXBuildFile; fileRef = 9050C23F259F7EF90012FC7A /* CastDetailViewController.swift */; };
		9050C26F259F7EF90012FC7A /* MovieViewModel.swift in Sources */ = {isa = PBXBuildFile; fileRef = 9050C240259F7EF90012FC7A /* MovieViewModel.swift */; };
		9050C270259F7EF90012FC7A /* MovieDetailViewController.swift in Sources */ = {isa = PBXBuildFile; fileRef = 9050C241259F7EF90012FC7A /* MovieDetailViewController.swift */; };
		9050C271259F7EF90012FC7A /* CastDetailViewModel.swift in Sources */ = {isa = PBXBuildFile; fileRef = 9050C242259F7EF90012FC7A /* CastDetailViewModel.swift */; };
		9050C272259F7EF90012FC7A /* CastViewModel.swift in Sources */ = {isa = PBXBuildFile; fileRef = 9050C243259F7EF90012FC7A /* CastViewModel.swift */; };
		9050C273259F7EF90012FC7A /* ReusableViewController.swift in Sources */ = {isa = PBXBuildFile; fileRef = 9050C245259F7EF90012FC7A /* ReusableViewController.swift */; };
		9050C274259F7EF90012FC7A /* Movie.swift in Sources */ = {isa = PBXBuildFile; fileRef = 9050C247259F7EF90012FC7A /* Movie.swift */; };
		9050C275259F7EF90012FC7A /* Cast.swift in Sources */ = {isa = PBXBuildFile; fileRef = 9050C248259F7EF90012FC7A /* Cast.swift */; };
		9050C276259F7EF90012FC7A /* MoviesHelper.swift in Sources */ = {isa = PBXBuildFile; fileRef = 9050C24A259F7EF90012FC7A /* MoviesHelper.swift */; };
		9050C277259F7EF90012FC7A /* MoviesRepository.swift in Sources */ = {isa = PBXBuildFile; fileRef = 9050C24B259F7EF90012FC7A /* MoviesRepository.swift */; };
		9050C278259F7EF90012FC7A /* CastsService.swift in Sources */ = {isa = PBXBuildFile; fileRef = 9050C24C259F7EF90012FC7A /* CastsService.swift */; };
		9050C279259F7EF90012FC7A /* CastsHelper.swift in Sources */ = {isa = PBXBuildFile; fileRef = 9050C24D259F7EF90012FC7A /* CastsHelper.swift */; };
		9050C27A259F7EF90012FC7A /* MoviesService.swift in Sources */ = {isa = PBXBuildFile; fileRef = 9050C24E259F7EF90012FC7A /* MoviesService.swift */; };
		9050C27B259F7EF90012FC7A /* CastsRepository.swift in Sources */ = {isa = PBXBuildFile; fileRef = 9050C24F259F7EF90012FC7A /* CastsRepository.swift */; };
		9050C27C259F7EF90012FC7A /* PreferencesService.swift in Sources */ = {isa = PBXBuildFile; fileRef = 9050C250259F7EF90012FC7A /* PreferencesService.swift */; };
		9050C27D259F7EF90012FC7A /* ViewModelBased.swift in Sources */ = {isa = PBXBuildFile; fileRef = 9050C252259F7EF90012FC7A /* ViewModelBased.swift */; };
		9050C28A259F7F140012FC7A /* TrendingFlow.swift in Sources */ = {isa = PBXBuildFile; fileRef = 9050C280259F7F140012FC7A /* TrendingFlow.swift */; };
		9050C28B259F7F140012FC7A /* WatchedFlow.swift in Sources */ = {isa = PBXBuildFile; fileRef = 9050C281259F7F140012FC7A /* WatchedFlow.swift */; };
		9050C28C259F7F140012FC7A /* SettingsFlow.swift in Sources */ = {isa = PBXBuildFile; fileRef = 9050C282259F7F140012FC7A /* SettingsFlow.swift */; };
		9050C28D259F7F140012FC7A /* DashboardFlow.swift in Sources */ = {isa = PBXBuildFile; fileRef = 9050C283259F7F140012FC7A /* DashboardFlow.swift */; };
		9050C28E259F7F140012FC7A /* AppFlow.swift in Sources */ = {isa = PBXBuildFile; fileRef = 9050C284259F7F140012FC7A /* AppFlow.swift */; };
		9050C28F259F7F140012FC7A /* WishlistFlow.swift in Sources */ = {isa = PBXBuildFile; fileRef = 9050C285259F7F140012FC7A /* WishlistFlow.swift */; };
		9050C290259F7F140012FC7A /* DemoStep.swift in Sources */ = {isa = PBXBuildFile; fileRef = 9050C286259F7F140012FC7A /* DemoStep.swift */; };
		9050C291259F7F140012FC7A /* TrendingMovieFlow.swift in Sources */ = {isa = PBXBuildFile; fileRef = 9050C287259F7F140012FC7A /* TrendingMovieFlow.swift */; };
		9050C292259F7F140012FC7A /* OnboardingFlow.swift in Sources */ = {isa = PBXBuildFile; fileRef = 9050C288259F7F140012FC7A /* OnboardingFlow.swift */; };
		9050C293259F7F140012FC7A /* CastListFlow.swift in Sources */ = {isa = PBXBuildFile; fileRef = 9050C289259F7F140012FC7A /* CastListFlow.swift */; };
/* End PBXBuildFile section */

/* Begin PBXFileReference section */
		1A8FBE0D1FF845EE00389464 /* Reusable.framework */ = {isa = PBXFileReference; lastKnownFileType = wrapper.framework; name = Reusable.framework; path = Carthage/Build/iOS/Reusable.framework; sourceTree = "<group>"; };
		1A8FBE0E1FF845EE00389464 /* RxSwift.framework */ = {isa = PBXFileReference; lastKnownFileType = wrapper.framework; name = RxSwift.framework; path = Carthage/Build/iOS/RxSwift.framework; sourceTree = "<group>"; };
		1A8FBE0F1FF845EE00389464 /* RxCocoa.framework */ = {isa = PBXFileReference; lastKnownFileType = wrapper.framework; name = RxCocoa.framework; path = Carthage/Build/iOS/RxCocoa.framework; sourceTree = "<group>"; };
		1AF854AF1FF832AE00271B52 /* RxFlowDemo.app */ = {isa = PBXFileReference; explicitFileType = wrapper.application; includeInIndex = 0; path = RxFlowDemo.app; sourceTree = BUILT_PRODUCTS_DIR; };
		1AF854B21FF832AE00271B52 /* AppDelegate.swift */ = {isa = PBXFileReference; lastKnownFileType = sourcecode.swift; path = AppDelegate.swift; sourceTree = "<group>"; };
		1AF854B91FF832AE00271B52 /* Assets.xcassets */ = {isa = PBXFileReference; lastKnownFileType = folder.assetcatalog; path = Assets.xcassets; sourceTree = "<group>"; };
		1AF854BC1FF832AE00271B52 /* Base */ = {isa = PBXFileReference; lastKnownFileType = file.storyboard; name = Base; path = Base.lproj/LaunchScreen.storyboard; sourceTree = "<group>"; };
		1AF854BE1FF832AE00271B52 /* Info.plist */ = {isa = PBXFileReference; lastKnownFileType = text.plist.xml; path = Info.plist; sourceTree = "<group>"; };
		262E4F58ED9C0119F2CBB118 /* Pods-RxFlowDemo.debug.xcconfig */ = {isa = PBXFileReference; includeInIndex = 1; lastKnownFileType = text.xcconfig; name = "Pods-RxFlowDemo.debug.xcconfig"; path = "Target Support Files/Pods-RxFlowDemo/Pods-RxFlowDemo.debug.xcconfig"; sourceTree = "<group>"; };
		47F830215AC185304F44891A /* Pods-RxFlowDemo.release.xcconfig */ = {isa = PBXFileReference; includeInIndex = 1; lastKnownFileType = text.xcconfig; name = "Pods-RxFlowDemo.release.xcconfig"; path = "Target Support Files/Pods-RxFlowDemo/Pods-RxFlowDemo.release.xcconfig"; sourceTree = "<group>"; };
		74C6AD34227BC52B00B16A95 /* RxRelay.framework */ = {isa = PBXFileReference; lastKnownFileType = wrapper.framework; name = RxRelay.framework; path = ../Carthage/Build/iOS/RxRelay.framework; sourceTree = "<group>"; };
		9050C21D259F7EF90012FC7A /* SettingsApiKeyViewModel.swift */ = {isa = PBXFileReference; fileEncoding = 4; lastKnownFileType = sourcecode.swift; path = SettingsApiKeyViewModel.swift; sourceTree = "<group>"; };
		9050C21E259F7EF90012FC7A /* SettingsListViewController.storyboard */ = {isa = PBXFileReference; fileEncoding = 4; lastKnownFileType = file.storyboard; path = SettingsListViewController.storyboard; sourceTree = "<group>"; };
		9050C21F259F7EF90012FC7A /* SettingsLoginViewController.swift */ = {isa = PBXFileReference; fileEncoding = 4; lastKnownFileType = sourcecode.swift; path = SettingsLoginViewController.swift; sourceTree = "<group>"; };
		9050C220259F7EF90012FC7A /* SettingsAboutViewController.swift */ = {isa = PBXFileReference; fileEncoding = 4; lastKnownFileType = sourcecode.swift; path = SettingsAboutViewController.swift; sourceTree = "<group>"; };
		9050C221259F7EF90012FC7A /* SettingsAboutViewController.storyboard */ = {isa = PBXFileReference; fileEncoding = 4; lastKnownFileType = file.storyboard; path = SettingsAboutViewController.storyboard; sourceTree = "<group>"; };
		9050C222259F7EF90012FC7A /* SettingsLoginViewController.storyboard */ = {isa = PBXFileReference; fileEncoding = 4; lastKnownFileType = file.storyboard; path = SettingsLoginViewController.storyboard; sourceTree = "<group>"; };
		9050C223259F7EF90012FC7A /* SettingsApiKeyViewController.storyboard */ = {isa = PBXFileReference; fileEncoding = 4; lastKnownFileType = file.storyboard; path = SettingsApiKeyViewController.storyboard; sourceTree = "<group>"; };
		9050C224259F7EF90012FC7A /* SettingsApiKeyViewController.swift */ = {isa = PBXFileReference; fileEncoding = 4; lastKnownFileType = sourcecode.swift; path = SettingsApiKeyViewController.swift; sourceTree = "<group>"; };
		9050C225259F7EF90012FC7A /* SettingsListViewController.swift */ = {isa = PBXFileReference; fileEncoding = 4; lastKnownFileType = sourcecode.swift; path = SettingsListViewController.swift; sourceTree = "<group>"; };
		9050C229259F7EF90012FC7A /* MovieCollectionViewCell.swift */ = {isa = PBXFileReference; fileEncoding = 4; lastKnownFileType = sourcecode.swift; path = MovieCollectionViewCell.swift; sourceTree = "<group>"; };
		9050C22A259F7EF90012FC7A /* WatchedViewController.storyboard */ = {isa = PBXFileReference; fileEncoding = 4; lastKnownFileType = file.storyboard; path = WatchedViewController.storyboard; sourceTree = "<group>"; };
		9050C22B259F7EF90012FC7A /* WatchedViewModel.swift */ = {isa = PBXFileReference; fileEncoding = 4; lastKnownFileType = sourcecode.swift; path = WatchedViewModel.swift; sourceTree = "<group>"; };
		9050C22C259F7EF90012FC7A /* WatchedViewController.swift */ = {isa = PBXFileReference; fileEncoding = 4; lastKnownFileType = sourcecode.swift; path = WatchedViewController.swift; sourceTree = "<group>"; };
		9050C22F259F7EF90012FC7A /* CastCollectionViewCell.swift */ = {isa = PBXFileReference; fileEncoding = 4; lastKnownFileType = sourcecode.swift; path = CastCollectionViewCell.swift; sourceTree = "<group>"; };
		9050C230259F7EF90012FC7A /* TrendingViewController.swift */ = {isa = PBXFileReference; fileEncoding = 4; lastKnownFileType = sourcecode.swift; path = TrendingViewController.swift; sourceTree = "<group>"; };
		9050C231259F7EF90012FC7A /* CastListViewModel.swift */ = {isa = PBXFileReference; fileEncoding = 4; lastKnownFileType = sourcecode.swift; path = CastListViewModel.swift; sourceTree = "<group>"; };
		9050C232259F7EF90012FC7A /* CastListViewController.swift */ = {isa = PBXFileReference; fileEncoding = 4; lastKnownFileType = sourcecode.swift; path = CastListViewController.swift; sourceTree = "<group>"; };
		9050C233259F7EF90012FC7A /* TrendingViewController.storyboard */ = {isa = PBXFileReference; fileEncoding = 4; lastKnownFileType = file.storyboard; path = TrendingViewController.storyboard; sourceTree = "<group>"; };
		9050C234259F7EF90012FC7A /* CastListViewController.storyboard */ = {isa = PBXFileReference; fileEncoding = 4; lastKnownFileType = file.storyboard; path = CastListViewController.storyboard; sourceTree = "<group>"; };
		9050C235259F7EF90012FC7A /* TrendingViewModel.swift */ = {isa = PBXFileReference; fileEncoding = 4; lastKnownFileType = sourcecode.swift; path = TrendingViewModel.swift; sourceTree = "<group>"; };
		9050C238259F7EF90012FC7A /* MovieViewCell.swift */ = {isa = PBXFileReference; fileEncoding = 4; lastKnownFileType = sourcecode.swift; path = MovieViewCell.swift; sourceTree = "<group>"; };
		9050C239259F7EF90012FC7A /* MovieDetailViewController.storyboard */ = {isa = PBXFileReference; fileEncoding = 4; lastKnownFileType = file.storyboard; path = MovieDetailViewController.storyboard; sourceTree = "<group>"; };
		9050C23A259F7EF90012FC7A /* WishlistViewController.swift */ = {isa = PBXFileReference; fileEncoding = 4; lastKnownFileType = sourcecode.swift; path = WishlistViewController.swift; sourceTree = "<group>"; };
		9050C23B259F7EF90012FC7A /* MovieDetailViewModel.swift */ = {isa = PBXFileReference; fileEncoding = 4; lastKnownFileType = sourcecode.swift; path = MovieDetailViewModel.swift; sourceTree = "<group>"; };
		9050C23C259F7EF90012FC7A /* WishlistViewModel.swift */ = {isa = PBXFileReference; fileEncoding = 4; lastKnownFileType = sourcecode.swift; path = WishlistViewModel.swift; sourceTree = "<group>"; };
		9050C23D259F7EF90012FC7A /* CastDetailViewController.storyboard */ = {isa = PBXFileReference; fileEncoding = 4; lastKnownFileType = file.storyboard; path = CastDetailViewController.storyboard; sourceTree = "<group>"; };
		9050C23E259F7EF90012FC7A /* WishlistViewController.storyboard */ = {isa = PBXFileReference; fileEncoding = 4; lastKnownFileType = file.storyboard; path = WishlistViewController.storyboard; sourceTree = "<group>"; };
		9050C23F259F7EF90012FC7A /* CastDetailViewController.swift */ = {isa = PBXFileReference; fileEncoding = 4; lastKnownFileType = sourcecode.swift; path = CastDetailViewController.swift; sourceTree = "<group>"; };
		9050C240259F7EF90012FC7A /* MovieViewModel.swift */ = {isa = PBXFileReference; fileEncoding = 4; lastKnownFileType = sourcecode.swift; path = MovieViewModel.swift; sourceTree = "<group>"; };
		9050C241259F7EF90012FC7A /* MovieDetailViewController.swift */ = {isa = PBXFileReference; fileEncoding = 4; lastKnownFileType = sourcecode.swift; path = MovieDetailViewController.swift; sourceTree = "<group>"; };
		9050C242259F7EF90012FC7A /* CastDetailViewModel.swift */ = {isa = PBXFileReference; fileEncoding = 4; lastKnownFileType = sourcecode.swift; path = CastDetailViewModel.swift; sourceTree = "<group>"; };
		9050C243259F7EF90012FC7A /* CastViewModel.swift */ = {isa = PBXFileReference; fileEncoding = 4; lastKnownFileType = sourcecode.swift; path = CastViewModel.swift; sourceTree = "<group>"; };
		9050C245259F7EF90012FC7A /* ReusableViewController.swift */ = {isa = PBXFileReference; fileEncoding = 4; lastKnownFileType = sourcecode.swift; path = ReusableViewController.swift; sourceTree = "<group>"; };
		9050C247259F7EF90012FC7A /* Movie.swift */ = {isa = PBXFileReference; fileEncoding = 4; lastKnownFileType = sourcecode.swift; path = Movie.swift; sourceTree = "<group>"; };
		9050C248259F7EF90012FC7A /* Cast.swift */ = {isa = PBXFileReference; fileEncoding = 4; lastKnownFileType = sourcecode.swift; path = Cast.swift; sourceTree = "<group>"; };
		9050C24A259F7EF90012FC7A /* MoviesHelper.swift */ = {isa = PBXFileReference; fileEncoding = 4; lastKnownFileType = sourcecode.swift; path = MoviesHelper.swift; sourceTree = "<group>"; };
		9050C24B259F7EF90012FC7A /* MoviesRepository.swift */ = {isa = PBXFileReference; fileEncoding = 4; lastKnownFileType = sourcecode.swift; path = MoviesRepository.swift; sourceTree = "<group>"; };
		9050C24C259F7EF90012FC7A /* CastsService.swift */ = {isa = PBXFileReference; fileEncoding = 4; lastKnownFileType = sourcecode.swift; path = CastsService.swift; sourceTree = "<group>"; };
		9050C24D259F7EF90012FC7A /* CastsHelper.swift */ = {isa = PBXFileReference; fileEncoding = 4; lastKnownFileType = sourcecode.swift; path = CastsHelper.swift; sourceTree = "<group>"; };
		9050C24E259F7EF90012FC7A /* MoviesService.swift */ = {isa = PBXFileReference; fileEncoding = 4; lastKnownFileType = sourcecode.swift; path = MoviesService.swift; sourceTree = "<group>"; };
		9050C24F259F7EF90012FC7A /* CastsRepository.swift */ = {isa = PBXFileReference; fileEncoding = 4; lastKnownFileType = sourcecode.swift; path = CastsRepository.swift; sourceTree = "<group>"; };
		9050C250259F7EF90012FC7A /* PreferencesService.swift */ = {isa = PBXFileReference; fileEncoding = 4; lastKnownFileType = sourcecode.swift; path = PreferencesService.swift; sourceTree = "<group>"; };
		9050C252259F7EF90012FC7A /* ViewModelBased.swift */ = {isa = PBXFileReference; fileEncoding = 4; lastKnownFileType = sourcecode.swift; path = ViewModelBased.swift; sourceTree = "<group>"; };
		9050C280259F7F140012FC7A /* TrendingFlow.swift */ = {isa = PBXFileReference; fileEncoding = 4; lastKnownFileType = sourcecode.swift; path = TrendingFlow.swift; sourceTree = "<group>"; };
		9050C281259F7F140012FC7A /* WatchedFlow.swift */ = {isa = PBXFileReference; fileEncoding = 4; lastKnownFileType = sourcecode.swift; path = WatchedFlow.swift; sourceTree = "<group>"; };
		9050C282259F7F140012FC7A /* SettingsFlow.swift */ = {isa = PBXFileReference; fileEncoding = 4; lastKnownFileType = sourcecode.swift; path = SettingsFlow.swift; sourceTree = "<group>"; };
		9050C283259F7F140012FC7A /* DashboardFlow.swift */ = {isa = PBXFileReference; fileEncoding = 4; lastKnownFileType = sourcecode.swift; path = DashboardFlow.swift; sourceTree = "<group>"; };
		9050C284259F7F140012FC7A /* AppFlow.swift */ = {isa = PBXFileReference; fileEncoding = 4; lastKnownFileType = sourcecode.swift; path = AppFlow.swift; sourceTree = "<group>"; };
		9050C285259F7F140012FC7A /* WishlistFlow.swift */ = {isa = PBXFileReference; fileEncoding = 4; lastKnownFileType = sourcecode.swift; path = WishlistFlow.swift; sourceTree = "<group>"; };
		9050C286259F7F140012FC7A /* DemoStep.swift */ = {isa = PBXFileReference; fileEncoding = 4; lastKnownFileType = sourcecode.swift; path = DemoStep.swift; sourceTree = "<group>"; };
		9050C287259F7F140012FC7A /* TrendingMovieFlow.swift */ = {isa = PBXFileReference; fileEncoding = 4; lastKnownFileType = sourcecode.swift; path = TrendingMovieFlow.swift; sourceTree = "<group>"; };
		9050C288259F7F140012FC7A /* OnboardingFlow.swift */ = {isa = PBXFileReference; fileEncoding = 4; lastKnownFileType = sourcecode.swift; path = OnboardingFlow.swift; sourceTree = "<group>"; };
		9050C289259F7F140012FC7A /* CastListFlow.swift */ = {isa = PBXFileReference; fileEncoding = 4; lastKnownFileType = sourcecode.swift; path = CastListFlow.swift; sourceTree = "<group>"; };
		BC00E4BEF623B29CEFEADCBF /* Pods_RxFlowDemo.framework */ = {isa = PBXFileReference; explicitFileType = wrapper.framework; includeInIndex = 0; path = Pods_RxFlowDemo.framework; sourceTree = BUILT_PRODUCTS_DIR; };
/* End PBXFileReference section */

/* Begin PBXFrameworksBuildPhase section */
		1AF854AC1FF832AE00271B52 /* Frameworks */ = {
			isa = PBXFrameworksBuildPhase;
			buildActionMask = 2147483647;
			files = (
				74C6AD35227BC52B00B16A95 /* RxRelay.framework in Frameworks */,
				1A8FBE101FF845EE00389464 /* Reusable.framework in Frameworks */,
				1A8FBE111FF845EE00389464 /* RxSwift.framework in Frameworks */,
				1A8FBE121FF845EE00389464 /* RxCocoa.framework in Frameworks */,
				1E4A7FCA2D802A6AAF08351E /* Pods_RxFlowDemo.framework in Frameworks */,
			);
			runOnlyForDeploymentPostprocessing = 0;
		};
/* End PBXFrameworksBuildPhase section */

/* Begin PBXGroup section */
		1A8FBE0C1FF845EE00389464 /* Frameworks */ = {
			isa = PBXGroup;
			children = (
				74C6AD34227BC52B00B16A95 /* RxRelay.framework */,
				1A8FBE0D1FF845EE00389464 /* Reusable.framework */,
				1A8FBE0F1FF845EE00389464 /* RxCocoa.framework */,
				1A8FBE0E1FF845EE00389464 /* RxSwift.framework */,
				BC00E4BEF623B29CEFEADCBF /* Pods_RxFlowDemo.framework */,
			);
			name = Frameworks;
			sourceTree = "<group>";
		};
		1AF854A61FF832AE00271B52 = {
			isa = PBXGroup;
			children = (
				1AF854B11FF832AE00271B52 /* RxFlowDemo */,
				1AF854B01FF832AE00271B52 /* Products */,
				1A8FBE0C1FF845EE00389464 /* Frameworks */,
				1C6DA44A43BDF0A789CE13B8 /* Pods */,
			);
			sourceTree = "<group>";
		};
		1AF854B01FF832AE00271B52 /* Products */ = {
			isa = PBXGroup;
			children = (
				1AF854AF1FF832AE00271B52 /* RxFlowDemo.app */,
			);
			name = Products;
			sourceTree = "<group>";
		};
		1AF854B11FF832AE00271B52 /* RxFlowDemo */ = {
			isa = PBXGroup;
			children = (
				9050C27F259F7F140012FC7A /* Flows */,
				9050C21B259F7EF90012FC7A /* Features */,
				9050C246259F7EF90012FC7A /* Models */,
				9050C251259F7EF90012FC7A /* Protocols */,
				9050C249259F7EF90012FC7A /* Services */,
				1AF854B21FF832AE00271B52 /* AppDelegate.swift */,
				1AF854BB1FF832AE00271B52 /* LaunchScreen.storyboard */,
				1AF854B91FF832AE00271B52 /* Assets.xcassets */,
				1AF854BE1FF832AE00271B52 /* Info.plist */,
			);
			path = RxFlowDemo;
			sourceTree = "<group>";
		};
		1C6DA44A43BDF0A789CE13B8 /* Pods */ = {
			isa = PBXGroup;
			children = (
				262E4F58ED9C0119F2CBB118 /* Pods-RxFlowDemo.debug.xcconfig */,
				47F830215AC185304F44891A /* Pods-RxFlowDemo.release.xcconfig */,
			);
			path = Pods;
			sourceTree = "<group>";
		};
		9050C21B259F7EF90012FC7A /* Features */ = {
			isa = PBXGroup;
			children = (
				9050C21C259F7EF90012FC7A /* Settings */,
				9050C226259F7EF90012FC7A /* Dashboard */,
				9050C244259F7EF90012FC7A /* Reusable */,
			);
			path = Features;
			sourceTree = "<group>";
		};
		9050C21C259F7EF90012FC7A /* Settings */ = {
			isa = PBXGroup;
			children = (
				9050C21D259F7EF90012FC7A /* SettingsApiKeyViewModel.swift */,
				9050C21E259F7EF90012FC7A /* SettingsListViewController.storyboard */,
				9050C21F259F7EF90012FC7A /* SettingsLoginViewController.swift */,
				9050C220259F7EF90012FC7A /* SettingsAboutViewController.swift */,
				9050C221259F7EF90012FC7A /* SettingsAboutViewController.storyboard */,
				9050C222259F7EF90012FC7A /* SettingsLoginViewController.storyboard */,
				9050C223259F7EF90012FC7A /* SettingsApiKeyViewController.storyboard */,
				9050C224259F7EF90012FC7A /* SettingsApiKeyViewController.swift */,
				9050C225259F7EF90012FC7A /* SettingsListViewController.swift */,
			);
			path = Settings;
			sourceTree = "<group>";
		};
		9050C226259F7EF90012FC7A /* Dashboard */ = {
			isa = PBXGroup;
			children = (
				9050C227259F7EF90012FC7A /* Watched */,
				9050C22D259F7EF90012FC7A /* Trending */,
				9050C236259F7EF90012FC7A /* Wishlist */,
			);
			path = Dashboard;
			sourceTree = "<group>";
		};
		9050C227259F7EF90012FC7A /* Watched */ = {
			isa = PBXGroup;
			children = (
				9050C228259F7EF90012FC7A /* Cells */,
				9050C22A259F7EF90012FC7A /* WatchedViewController.storyboard */,
				9050C22B259F7EF90012FC7A /* WatchedViewModel.swift */,
				9050C22C259F7EF90012FC7A /* WatchedViewController.swift */,
			);
			path = Watched;
			sourceTree = "<group>";
		};
		9050C228259F7EF90012FC7A /* Cells */ = {
			isa = PBXGroup;
			children = (
				9050C229259F7EF90012FC7A /* MovieCollectionViewCell.swift */,
			);
			path = Cells;
			sourceTree = "<group>";
		};
		9050C22D259F7EF90012FC7A /* Trending */ = {
			isa = PBXGroup;
			children = (
				9050C22E259F7EF90012FC7A /* Cells */,
				9050C230259F7EF90012FC7A /* TrendingViewController.swift */,
				9050C231259F7EF90012FC7A /* CastListViewModel.swift */,
				9050C232259F7EF90012FC7A /* CastListViewController.swift */,
				9050C233259F7EF90012FC7A /* TrendingViewController.storyboard */,
				9050C234259F7EF90012FC7A /* CastListViewController.storyboard */,
				9050C235259F7EF90012FC7A /* TrendingViewModel.swift */,
			);
			path = Trending;
			sourceTree = "<group>";
		};
		9050C22E259F7EF90012FC7A /* Cells */ = {
			isa = PBXGroup;
			children = (
				9050C22F259F7EF90012FC7A /* CastCollectionViewCell.swift */,
			);
			path = Cells;
			sourceTree = "<group>";
		};
		9050C236259F7EF90012FC7A /* Wishlist */ = {
			isa = PBXGroup;
			children = (
				9050C237259F7EF90012FC7A /* Cells */,
				9050C239259F7EF90012FC7A /* MovieDetailViewController.storyboard */,
				9050C23A259F7EF90012FC7A /* WishlistViewController.swift */,
				9050C23B259F7EF90012FC7A /* MovieDetailViewModel.swift */,
				9050C23C259F7EF90012FC7A /* WishlistViewModel.swift */,
				9050C23D259F7EF90012FC7A /* CastDetailViewController.storyboard */,
				9050C23E259F7EF90012FC7A /* WishlistViewController.storyboard */,
				9050C23F259F7EF90012FC7A /* CastDetailViewController.swift */,
				9050C240259F7EF90012FC7A /* MovieViewModel.swift */,
				9050C241259F7EF90012FC7A /* MovieDetailViewController.swift */,
				9050C242259F7EF90012FC7A /* CastDetailViewModel.swift */,
				9050C243259F7EF90012FC7A /* CastViewModel.swift */,
			);
			path = Wishlist;
			sourceTree = "<group>";
		};
		9050C237259F7EF90012FC7A /* Cells */ = {
			isa = PBXGroup;
			children = (
				9050C238259F7EF90012FC7A /* MovieViewCell.swift */,
			);
			path = Cells;
			sourceTree = "<group>";
		};
		9050C244259F7EF90012FC7A /* Reusable */ = {
			isa = PBXGroup;
			children = (
				9050C245259F7EF90012FC7A /* ReusableViewController.swift */,
			);
			path = Reusable;
			sourceTree = "<group>";
		};
		9050C246259F7EF90012FC7A /* Models */ = {
			isa = PBXGroup;
			children = (
				9050C247259F7EF90012FC7A /* Movie.swift */,
				9050C248259F7EF90012FC7A /* Cast.swift */,
			);
			path = Models;
			sourceTree = "<group>";
		};
		9050C249259F7EF90012FC7A /* Services */ = {
			isa = PBXGroup;
			children = (
				9050C24A259F7EF90012FC7A /* MoviesHelper.swift */,
				9050C24B259F7EF90012FC7A /* MoviesRepository.swift */,
				9050C24C259F7EF90012FC7A /* CastsService.swift */,
				9050C24D259F7EF90012FC7A /* CastsHelper.swift */,
				9050C24E259F7EF90012FC7A /* MoviesService.swift */,
				9050C24F259F7EF90012FC7A /* CastsRepository.swift */,
				9050C250259F7EF90012FC7A /* PreferencesService.swift */,
			);
			path = Services;
			sourceTree = "<group>";
		};
		9050C251259F7EF90012FC7A /* Protocols */ = {
			isa = PBXGroup;
			children = (
				9050C252259F7EF90012FC7A /* ViewModelBased.swift */,
			);
			path = Protocols;
			sourceTree = "<group>";
		};
		9050C27F259F7F140012FC7A /* Flows */ = {
			isa = PBXGroup;
			children = (
				9050C280259F7F140012FC7A /* TrendingFlow.swift */,
				9050C281259F7F140012FC7A /* WatchedFlow.swift */,
				9050C282259F7F140012FC7A /* SettingsFlow.swift */,
				9050C283259F7F140012FC7A /* DashboardFlow.swift */,
				9050C284259F7F140012FC7A /* AppFlow.swift */,
				9050C285259F7F140012FC7A /* WishlistFlow.swift */,
				9050C286259F7F140012FC7A /* DemoStep.swift */,
				9050C287259F7F140012FC7A /* TrendingMovieFlow.swift */,
				9050C288259F7F140012FC7A /* OnboardingFlow.swift */,
				9050C289259F7F140012FC7A /* CastListFlow.swift */,
			);
			name = Flows;
			path = ../../RxFlow/RxFlowDemo/RxFlowDemo/Flows;
			sourceTree = "<group>";
		};
/* End PBXGroup section */

/* Begin PBXNativeTarget section */
		1AF854AE1FF832AE00271B52 /* RxFlowDemo */ = {
			isa = PBXNativeTarget;
			buildConfigurationList = 1AF854C11FF832AE00271B52 /* Build configuration list for PBXNativeTarget "RxFlowDemo" */;
			buildPhases = (
				DFB3F01161A39FA21953E9E9 /* [CP] Check Pods Manifest.lock */,
				1AF854AB1FF832AE00271B52 /* Sources */,
				1AF854AC1FF832AE00271B52 /* Frameworks */,
				1AF854AD1FF832AE00271B52 /* Resources */,
				774B4B71E2DF4C70741DAB7F /* [CP] Embed Pods Frameworks */,
			);
			buildRules = (
			);
			dependencies = (
			);
			name = RxFlowDemo;
			productName = RxFlowDemo;
			productReference = 1AF854AF1FF832AE00271B52 /* RxFlowDemo.app */;
			productType = "com.apple.product-type.application";
		};
/* End PBXNativeTarget section */

/* Begin PBXProject section */
		1AF854A71FF832AE00271B52 /* Project object */ = {
			isa = PBXProject;
			attributes = {
				LastSwiftUpdateCheck = 0920;
				LastUpgradeCheck = 0930;
				ORGANIZATIONNAME = RxSwiftCommunity;
				TargetAttributes = {
					1AF854AE1FF832AE00271B52 = {
						CreatedOnToolsVersion = 9.2;
						LastSwiftMigration = 1020;
						ProvisioningStyle = Automatic;
					};
				};
			};
			buildConfigurationList = 1AF854AA1FF832AE00271B52 /* Build configuration list for PBXProject "RxFlowDemo" */;
			compatibilityVersion = "Xcode 8.0";
			developmentRegion = en;
			hasScannedForEncodings = 0;
			knownRegions = (
				en,
				Base,
			);
			mainGroup = 1AF854A61FF832AE00271B52;
			productRefGroup = 1AF854B01FF832AE00271B52 /* Products */;
			projectDirPath = "";
			projectRoot = "";
			targets = (
				1AF854AE1FF832AE00271B52 /* RxFlowDemo */,
			);
		};
/* End PBXProject section */

/* Begin PBXResourcesBuildPhase section */
		1AF854AD1FF832AE00271B52 /* Resources */ = {
			isa = PBXResourcesBuildPhase;
			buildActionMask = 2147483647;
			files = (
				9050C257259F7EF90012FC7A /* SettingsAboutViewController.storyboard in Resources */,
				1AF854BD1FF832AE00271B52 /* LaunchScreen.storyboard in Resources */,
				1AF854BA1FF832AE00271B52 /* Assets.xcassets in Resources */,
				9050C265259F7EF90012FC7A /* CastListViewController.storyboard in Resources */,
				9050C25D259F7EF90012FC7A /* WatchedViewController.storyboard in Resources */,
				9050C258259F7EF90012FC7A /* SettingsLoginViewController.storyboard in Resources */,
				9050C254259F7EF90012FC7A /* SettingsListViewController.storyboard in Resources */,
				9050C264259F7EF90012FC7A /* TrendingViewController.storyboard in Resources */,
				9050C259259F7EF90012FC7A /* SettingsApiKeyViewController.storyboard in Resources */,
				9050C26C259F7EF90012FC7A /* CastDetailViewController.storyboard in Resources */,
				9050C26D259F7EF90012FC7A /* WishlistViewController.storyboard in Resources */,
				9050C268259F7EF90012FC7A /* MovieDetailViewController.storyboard in Resources */,
			);
			runOnlyForDeploymentPostprocessing = 0;
		};
/* End PBXResourcesBuildPhase section */

/* Begin PBXShellScriptBuildPhase section */
		774B4B71E2DF4C70741DAB7F /* [CP] Embed Pods Frameworks */ = {
			isa = PBXShellScriptBuildPhase;
			buildActionMask = 2147483647;
			files = (
			);
			inputPaths = (
				"${PODS_ROOT}/Target Support Files/Pods-RxFlowDemo/Pods-RxFlowDemo-frameworks.sh",
				"${BUILT_PRODUCTS_DIR}/Reusable/Reusable.framework",
				"${BUILT_PRODUCTS_DIR}/RxCocoa/RxCocoa.framework",
				"${BUILT_PRODUCTS_DIR}/RxFlow/RxFlow.framework",
				"${BUILT_PRODUCTS_DIR}/RxRelay/RxRelay.framework",
				"${BUILT_PRODUCTS_DIR}/RxSwift/RxSwift.framework",
			);
			name = "[CP] Embed Pods Frameworks";
			outputPaths = (
				"${TARGET_BUILD_DIR}/${FRAMEWORKS_FOLDER_PATH}/Reusable.framework",
				"${TARGET_BUILD_DIR}/${FRAMEWORKS_FOLDER_PATH}/RxCocoa.framework",
				"${TARGET_BUILD_DIR}/${FRAMEWORKS_FOLDER_PATH}/RxFlow.framework",
				"${TARGET_BUILD_DIR}/${FRAMEWORKS_FOLDER_PATH}/RxRelay.framework",
				"${TARGET_BUILD_DIR}/${FRAMEWORKS_FOLDER_PATH}/RxSwift.framework",
			);
			runOnlyForDeploymentPostprocessing = 0;
			shellPath = /bin/sh;
			shellScript = "\"${PODS_ROOT}/Target Support Files/Pods-RxFlowDemo/Pods-RxFlowDemo-frameworks.sh\"\n";
			showEnvVarsInLog = 0;
		};
		DFB3F01161A39FA21953E9E9 /* [CP] Check Pods Manifest.lock */ = {
			isa = PBXShellScriptBuildPhase;
			buildActionMask = 2147483647;
			files = (
			);
			inputFileListPaths = (
			);
			inputPaths = (
				"${PODS_PODFILE_DIR_PATH}/Podfile.lock",
				"${PODS_ROOT}/Manifest.lock",
			);
			name = "[CP] Check Pods Manifest.lock";
			outputFileListPaths = (
			);
			outputPaths = (
				"$(DERIVED_FILE_DIR)/Pods-RxFlowDemo-checkManifestLockResult.txt",
			);
			runOnlyForDeploymentPostprocessing = 0;
			shellPath = /bin/sh;
			shellScript = "diff \"${PODS_PODFILE_DIR_PATH}/Podfile.lock\" \"${PODS_ROOT}/Manifest.lock\" > /dev/null\nif [ $? != 0 ] ; then\n    # print error to STDERR\n    echo \"error: The sandbox is not in sync with the Podfile.lock. Run 'pod install' or update your CocoaPods installation.\" >&2\n    exit 1\nfi\n# This output is used by Xcode 'outputs' to avoid re-running this script phase.\necho \"SUCCESS\" > \"${SCRIPT_OUTPUT_FILE_0}\"\n";
			showEnvVarsInLog = 0;
		};
/* End PBXShellScriptBuildPhase section */

/* Begin PBXSourcesBuildPhase section */
		1AF854AB1FF832AE00271B52 /* Sources */ = {
			isa = PBXSourcesBuildPhase;
			buildActionMask = 2147483647;
			files = (
				9050C26E259F7EF90012FC7A /* CastDetailViewController.swift in Sources */,
				9050C273259F7EF90012FC7A /* ReusableViewController.swift in Sources */,
				9050C253259F7EF90012FC7A /* SettingsApiKeyViewModel.swift in Sources */,
				9050C28C259F7F140012FC7A /* SettingsFlow.swift in Sources */,
				9050C256259F7EF90012FC7A /* SettingsAboutViewController.swift in Sources */,
				9050C275259F7EF90012FC7A /* Cast.swift in Sources */,
				9050C274259F7EF90012FC7A /* Movie.swift in Sources */,
				9050C267259F7EF90012FC7A /* MovieViewCell.swift in Sources */,
				9050C270259F7EF90012FC7A /* MovieDetailViewController.swift in Sources */,
				9050C277259F7EF90012FC7A /* MoviesRepository.swift in Sources */,
				9050C261259F7EF90012FC7A /* TrendingViewController.swift in Sources */,
				9050C266259F7EF90012FC7A /* TrendingViewModel.swift in Sources */,
				9050C290259F7F140012FC7A /* DemoStep.swift in Sources */,
				9050C26B259F7EF90012FC7A /* WishlistViewModel.swift in Sources */,
				9050C28E259F7F140012FC7A /* AppFlow.swift in Sources */,
				9050C28B259F7F140012FC7A /* WatchedFlow.swift in Sources */,
				1AF854B31FF832AE00271B52 /* AppDelegate.swift in Sources */,
				9050C28A259F7F140012FC7A /* TrendingFlow.swift in Sources */,
				9050C292259F7F140012FC7A /* OnboardingFlow.swift in Sources */,
				9050C272259F7EF90012FC7A /* CastViewModel.swift in Sources */,
				9050C27B259F7EF90012FC7A /* CastsRepository.swift in Sources */,
				9050C279259F7EF90012FC7A /* CastsHelper.swift in Sources */,
				9050C291259F7F140012FC7A /* TrendingMovieFlow.swift in Sources */,
				9050C25A259F7EF90012FC7A /* SettingsApiKeyViewController.swift in Sources */,
				9050C28D259F7F140012FC7A /* DashboardFlow.swift in Sources */,
				9050C271259F7EF90012FC7A /* CastDetailViewModel.swift in Sources */,
				9050C25C259F7EF90012FC7A /* MovieCollectionViewCell.swift in Sources */,
				9050C27C259F7EF90012FC7A /* PreferencesService.swift in Sources */,
				9050C25E259F7EF90012FC7A /* WatchedViewModel.swift in Sources */,
				9050C26F259F7EF90012FC7A /* MovieViewModel.swift in Sources */,
				9050C27A259F7EF90012FC7A /* MoviesService.swift in Sources */,
				9050C28F259F7F140012FC7A /* WishlistFlow.swift in Sources */,
				9050C293259F7F140012FC7A /* CastListFlow.swift in Sources */,
				9050C25B259F7EF90012FC7A /* SettingsListViewController.swift in Sources */,
				9050C260259F7EF90012FC7A /* CastCollectionViewCell.swift in Sources */,
				9050C278259F7EF90012FC7A /* CastsService.swift in Sources */,
				9050C27D259F7EF90012FC7A /* ViewModelBased.swift in Sources */,
				9050C262259F7EF90012FC7A /* CastListViewModel.swift in Sources */,
				9050C276259F7EF90012FC7A /* MoviesHelper.swift in Sources */,
				9050C263259F7EF90012FC7A /* CastListViewController.swift in Sources */,
				9050C269259F7EF90012FC7A /* WishlistViewController.swift in Sources */,
				9050C26A259F7EF90012FC7A /* MovieDetailViewModel.swift in Sources */,
				9050C25F259F7EF90012FC7A /* WatchedViewController.swift in Sources */,
				9050C255259F7EF90012FC7A /* SettingsLoginViewController.swift in Sources */,
			);
			runOnlyForDeploymentPostprocessing = 0;
		};
/* End PBXSourcesBuildPhase section */

/* Begin PBXVariantGroup section */
		1AF854BB1FF832AE00271B52 /* LaunchScreen.storyboard */ = {
			isa = PBXVariantGroup;
			children = (
				1AF854BC1FF832AE00271B52 /* Base */,
			);
			name = LaunchScreen.storyboard;
			sourceTree = "<group>";
		};
/* End PBXVariantGroup section */

/* Begin XCBuildConfiguration section */
		1AF854BF1FF832AE00271B52 /* Debug */ = {
			isa = XCBuildConfiguration;
			buildSettings = {
				ALWAYS_SEARCH_USER_PATHS = NO;
				CLANG_ANALYZER_NONNULL = YES;
				CLANG_ANALYZER_NUMBER_OBJECT_CONVERSION = YES_AGGRESSIVE;
				CLANG_CXX_LANGUAGE_STANDARD = "gnu++14";
				CLANG_CXX_LIBRARY = "libc++";
				CLANG_ENABLE_MODULES = YES;
				CLANG_ENABLE_OBJC_ARC = YES;
				CLANG_WARN_BLOCK_CAPTURE_AUTORELEASING = YES;
				CLANG_WARN_BOOL_CONVERSION = YES;
				CLANG_WARN_COMMA = YES;
				CLANG_WARN_CONSTANT_CONVERSION = YES;
				CLANG_WARN_DEPRECATED_OBJC_IMPLEMENTATIONS = YES;
				CLANG_WARN_DIRECT_OBJC_ISA_USAGE = YES_ERROR;
				CLANG_WARN_DOCUMENTATION_COMMENTS = YES;
				CLANG_WARN_EMPTY_BODY = YES;
				CLANG_WARN_ENUM_CONVERSION = YES;
				CLANG_WARN_INFINITE_RECURSION = YES;
				CLANG_WARN_INT_CONVERSION = YES;
				CLANG_WARN_NON_LITERAL_NULL_CONVERSION = YES;
				CLANG_WARN_OBJC_IMPLICIT_RETAIN_SELF = YES;
				CLANG_WARN_OBJC_LITERAL_CONVERSION = YES;
				CLANG_WARN_OBJC_ROOT_CLASS = YES_ERROR;
				CLANG_WARN_RANGE_LOOP_ANALYSIS = YES;
				CLANG_WARN_STRICT_PROTOTYPES = YES;
				CLANG_WARN_SUSPICIOUS_MOVE = YES;
				CLANG_WARN_UNGUARDED_AVAILABILITY = YES_AGGRESSIVE;
				CLANG_WARN_UNREACHABLE_CODE = YES;
				CLANG_WARN__DUPLICATE_METHOD_MATCH = YES;
				CODE_SIGN_IDENTITY = "iPhone Developer";
				COPY_PHASE_STRIP = NO;
				DEBUG_INFORMATION_FORMAT = dwarf;
				ENABLE_STRICT_OBJC_MSGSEND = YES;
				ENABLE_TESTABILITY = YES;
				GCC_C_LANGUAGE_STANDARD = gnu11;
				GCC_DYNAMIC_NO_PIC = NO;
				GCC_NO_COMMON_BLOCKS = YES;
				GCC_OPTIMIZATION_LEVEL = 0;
				GCC_PREPROCESSOR_DEFINITIONS = (
					"DEBUG=1",
					"$(inherited)",
				);
				GCC_WARN_64_TO_32_BIT_CONVERSION = YES;
				GCC_WARN_ABOUT_RETURN_TYPE = YES_ERROR;
				GCC_WARN_UNDECLARED_SELECTOR = YES;
				GCC_WARN_UNINITIALIZED_AUTOS = YES_AGGRESSIVE;
				GCC_WARN_UNUSED_FUNCTION = YES;
				GCC_WARN_UNUSED_VARIABLE = YES;
				IPHONEOS_DEPLOYMENT_TARGET = 11.2;
				MTL_ENABLE_DEBUG_INFO = YES;
				ONLY_ACTIVE_ARCH = YES;
				SDKROOT = iphoneos;
				SWIFT_ACTIVE_COMPILATION_CONDITIONS = DEBUG;
				SWIFT_OPTIMIZATION_LEVEL = "-Onone";
				SWIFT_VERSION = 4.2;
			};
			name = Debug;
		};
		1AF854C01FF832AE00271B52 /* Release */ = {
			isa = XCBuildConfiguration;
			buildSettings = {
				ALWAYS_SEARCH_USER_PATHS = NO;
				CLANG_ANALYZER_NONNULL = YES;
				CLANG_ANALYZER_NUMBER_OBJECT_CONVERSION = YES_AGGRESSIVE;
				CLANG_CXX_LANGUAGE_STANDARD = "gnu++14";
				CLANG_CXX_LIBRARY = "libc++";
				CLANG_ENABLE_MODULES = YES;
				CLANG_ENABLE_OBJC_ARC = YES;
				CLANG_WARN_BLOCK_CAPTURE_AUTORELEASING = YES;
				CLANG_WARN_BOOL_CONVERSION = YES;
				CLANG_WARN_COMMA = YES;
				CLANG_WARN_CONSTANT_CONVERSION = YES;
				CLANG_WARN_DEPRECATED_OBJC_IMPLEMENTATIONS = YES;
				CLANG_WARN_DIRECT_OBJC_ISA_USAGE = YES_ERROR;
				CLANG_WARN_DOCUMENTATION_COMMENTS = YES;
				CLANG_WARN_EMPTY_BODY = YES;
				CLANG_WARN_ENUM_CONVERSION = YES;
				CLANG_WARN_INFINITE_RECURSION = YES;
				CLANG_WARN_INT_CONVERSION = YES;
				CLANG_WARN_NON_LITERAL_NULL_CONVERSION = YES;
				CLANG_WARN_OBJC_IMPLICIT_RETAIN_SELF = YES;
				CLANG_WARN_OBJC_LITERAL_CONVERSION = YES;
				CLANG_WARN_OBJC_ROOT_CLASS = YES_ERROR;
				CLANG_WARN_RANGE_LOOP_ANALYSIS = YES;
				CLANG_WARN_STRICT_PROTOTYPES = YES;
				CLANG_WARN_SUSPICIOUS_MOVE = YES;
				CLANG_WARN_UNGUARDED_AVAILABILITY = YES_AGGRESSIVE;
				CLANG_WARN_UNREACHABLE_CODE = YES;
				CLANG_WARN__DUPLICATE_METHOD_MATCH = YES;
				CODE_SIGN_IDENTITY = "iPhone Developer";
				COPY_PHASE_STRIP = NO;
				DEBUG_INFORMATION_FORMAT = "dwarf-with-dsym";
				ENABLE_NS_ASSERTIONS = NO;
				ENABLE_STRICT_OBJC_MSGSEND = YES;
				GCC_C_LANGUAGE_STANDARD = gnu11;
				GCC_NO_COMMON_BLOCKS = YES;
				GCC_WARN_64_TO_32_BIT_CONVERSION = YES;
				GCC_WARN_ABOUT_RETURN_TYPE = YES_ERROR;
				GCC_WARN_UNDECLARED_SELECTOR = YES;
				GCC_WARN_UNINITIALIZED_AUTOS = YES_AGGRESSIVE;
				GCC_WARN_UNUSED_FUNCTION = YES;
				GCC_WARN_UNUSED_VARIABLE = YES;
				IPHONEOS_DEPLOYMENT_TARGET = 11.2;
				MTL_ENABLE_DEBUG_INFO = NO;
				SDKROOT = iphoneos;
				SWIFT_OPTIMIZATION_LEVEL = "-Owholemodule";
				SWIFT_VERSION = 4.2;
				VALIDATE_PRODUCT = YES;
			};
			name = Release;
		};
		1AF854C21FF832AE00271B52 /* Debug */ = {
			isa = XCBuildConfiguration;
			baseConfigurationReference = 262E4F58ED9C0119F2CBB118 /* Pods-RxFlowDemo.debug.xcconfig */;
			buildSettings = {
				ASSETCATALOG_COMPILER_APPICON_NAME = AppIcon;
				CODE_SIGN_IDENTITY = "iPhone Developer";
				CODE_SIGN_STYLE = Automatic;
				DEVELOPMENT_TEAM = 6GASTWWZR6;
				FRAMEWORK_SEARCH_PATHS = (
					"$(inherited)",
					"$(PROJECT_DIR)/Carthage/Build/iOS",
					"$(PROJECT_DIR)",
				);
				INFOPLIST_FILE = RxFlowDemo/Info.plist;
				IPHONEOS_DEPLOYMENT_TARGET = 11.0;
				LD_RUNPATH_SEARCH_PATHS = "$(inherited) @executable_path/Frameworks";
				PRODUCT_BUNDLE_IDENTIFIER = io.warpfactor.RxFlowDemo;
				PRODUCT_NAME = "$(TARGET_NAME)";
				PROVISIONING_PROFILE_SPECIFIER = "";
				SWIFT_VERSION = 5.0;
				TARGETED_DEVICE_FAMILY = "1,2";
			};
			name = Debug;
		};
		1AF854C31FF832AE00271B52 /* Release */ = {
			isa = XCBuildConfiguration;
			baseConfigurationReference = 47F830215AC185304F44891A /* Pods-RxFlowDemo.release.xcconfig */;
			buildSettings = {
				ASSETCATALOG_COMPILER_APPICON_NAME = AppIcon;
				CODE_SIGN_IDENTITY = "iPhone Developer";
				CODE_SIGN_STYLE = Automatic;
				DEVELOPMENT_TEAM = 6GASTWWZR6;
				FRAMEWORK_SEARCH_PATHS = (
					"$(inherited)",
					"$(PROJECT_DIR)/Carthage/Build/iOS",
					"$(PROJECT_DIR)",
				);
				INFOPLIST_FILE = RxFlowDemo/Info.plist;
				IPHONEOS_DEPLOYMENT_TARGET = 11.0;
				LD_RUNPATH_SEARCH_PATHS = "$(inherited) @executable_path/Frameworks";
				PRODUCT_BUNDLE_IDENTIFIER = io.warpfactor.RxFlowDemo;
				PRODUCT_NAME = "$(TARGET_NAME)";
				PROVISIONING_PROFILE_SPECIFIER = "";
				SWIFT_VERSION = 5.0;
				TARGETED_DEVICE_FAMILY = "1,2";
			};
			name = Release;
		};
/* End XCBuildConfiguration section */

/* Begin XCConfigurationList section */
		1AF854AA1FF832AE00271B52 /* Build configuration list for PBXProject "RxFlowDemo" */ = {
			isa = XCConfigurationList;
			buildConfigurations = (
				1AF854BF1FF832AE00271B52 /* Debug */,
				1AF854C01FF832AE00271B52 /* Release */,
			);
			defaultConfigurationIsVisible = 0;
			defaultConfigurationName = Release;
		};
		1AF854C11FF832AE00271B52 /* Build configuration list for PBXNativeTarget "RxFlowDemo" */ = {
			isa = XCConfigurationList;
			buildConfigurations = (
				1AF854C21FF832AE00271B52 /* Debug */,
				1AF854C31FF832AE00271B52 /* Release */,
			);
			defaultConfigurationIsVisible = 0;
			defaultConfigurationName = Release;
		};
/* End XCConfigurationList section */
	};
	rootObject = 1AF854A71FF832AE00271B52 /* Project object */;
}
